github.com/holoplot/go-evdev v0.0.0-20260504100651-66d1748fe847 h1:1rQ5UQXFm02DXEtsIpotfA32WJ9KceS6t8w5K8QtFqc=
github.com/holoplot/go-evdev v0.0.0-20260504100651-66d1748fe847/go.mod h1:iHAf8OIncO2gcQ8XOjS7CMJ2aPbX2Bs0wl5pZyanEqk=
golang.org/x/sys v0.47.0 h1:o7XGOvZQCADBQQ4Y7VNq2dRWQR7JmOUW8Kxx4ZsNgWs=
golang.org/x/sys v0.47.0/go.mod h1:4GL1E5IUh+htKOUEOaiffhrAeqysfVGipDYzABqnCmw=
